// !$*UTF8*$!
{
	archiveVersion = 1;
	classes = {
	};
	objectVersion = 46;
	objects = {

/* Begin PBXBuildFile section */
		649DD01F0D799121A364B200 /* SceneDelegate.swift in Sources */ = {isa = PBXBuildFile; fileRef = 649DDFCDAC040163CA7F96CA /* SceneDelegate.swift */; };
		649DD3A988F90EE6934C2EE3 /* NewChecklistItemView.swift in Sources */ = {isa = PBXBuildFile; fileRef = 649DD04073A41136BE39B195 /* NewChecklistItemView.swift */; };
		649DD5CE71FEB341ED1A74C5 /* RowView.swift in Sources */ = {isa = PBXBuildFile; fileRef = 649DD174022DD90B641E80B1 /* RowView.swift */; };
		649DD6C4FDBE7413DD7B82CC /* AppDelegate.swift in Sources */ = {isa = PBXBuildFile; fileRef = 649DDE166EAD0201045386CE /* AppDelegate.swift */; };
		649DD6E337A74741E18DF9F5 /* ChecklistView.swift in Sources */ = {isa = PBXBuildFile; fileRef = 649DD670D97C675F73B580E2 /* ChecklistView.swift */; };
		649DD70007DFB077434416F6 /* Assets.xcassets in Resources */ = {isa = PBXBuildFile; fileRef = 649DDFC9E3A9D6625F7904FC /* Assets.xcassets */; };
		649DD8842AC92F6677B5D21C /* Preview Assets.xcassets in Resources */ = {isa = PBXBuildFile; fileRef = 649DD8EC3BD3409444787118 /* Preview Assets.xcassets */; };
		649DD885D6284E9F4F83225F /* EditChecklistItemView.swift in Sources */ = {isa = PBXBuildFile; fileRef = 649DD9B4855B1F3037639166 /* EditChecklistItemView.swift */; };
		649DD8F2E01A9AB0FC0E507D /* LaunchScreen.storyboard in Resources */ = {isa = PBXBuildFile; fileRef = 649DD6B08A5E1F2725BADE75 /* LaunchScreen.storyboard */; };
		649DDEC6D65678AA4F7803FB /* Checklist.swift in Sources */ = {isa = PBXBuildFile; fileRef = 649DD888F933E76B29C3EAF0 /* Checklist.swift */; };
		649DDFD152089BBA113F8B54 /* ChecklistItem.swift in Sources */ = {isa = PBXBuildFile; fileRef = 649DD43329B0ABC478EF73BF /* ChecklistItem.swift */; };
/* End PBXBuildFile section */

/* Begin PBXFileReference section */
		649DD04073A41136BE39B195 /* NewChecklistItemView.swift */ = {isa = PBXFileReference; fileEncoding = 4; lastKnownFileType = sourcecode.swift; path = NewChecklistItemView.swift; sourceTree = "<group>"; };
		649DD174022DD90B641E80B1 /* RowView.swift */ = {isa = PBXFileReference; fileEncoding = 4; lastKnownFileType = sourcecode.swift; path = RowView.swift; sourceTree = "<group>"; };
		649DD18D70D9397B27E730E8 /* Base */ = {isa = PBXFileReference; lastKnownFileType = file.storyboard; name = Base; path = Base.lproj/LaunchScreen.storyboard; sourceTree = "<group>"; };
		649DD2828E32B9291203DC44 /* Info.plist */ = {isa = PBXFileReference; lastKnownFileType = text.plist.info; path = Info.plist; sourceTree = "<group>"; };
		649DD43329B0ABC478EF73BF /* ChecklistItem.swift */ = {isa = PBXFileReference; fileEncoding = 4; lastKnownFileType = sourcecode.swift; path = ChecklistItem.swift; sourceTree = "<group>"; };
		649DD670D97C675F73B580E2 /* ChecklistView.swift */ = {isa = PBXFileReference; lastKnownFileType = sourcecode.swift; path = ChecklistView.swift; sourceTree = "<group>"; };
		649DD7F168D5C7173F3DA4AB /* Checklist-ios13.app */ = {isa = PBXFileReference; explicitFileType = wrapper.application; includeInIndex = 0; path = "Checklist-ios13.app"; sourceTree = BUILT_PRODUCTS_DIR; };
		649DD888F933E76B29C3EAF0 /* Checklist.swift */ = {isa = PBXFileReference; fileEncoding = 4; lastKnownFileType = sourcecode.swift; path = Checklist.swift; sourceTree = "<group>"; };
		649DD8EC3BD3409444787118 /* Preview Assets.xcassets */ = {isa = PBXFileReference; lastKnownFileType = folder.assetcatalog; path = "Preview Assets.xcassets"; sourceTree = "<group>"; };
		649DD9B4855B1F3037639166 /* EditChecklistItemView.swift */ = {isa = PBXFileReference; fileEncoding = 4; lastKnownFileType = sourcecode.swift; path = EditChecklistItemView.swift; sourceTree = "<group>"; };
		649DDAE793D1E8B2F0346E63 /* README.md */ = {isa = PBXFileReference; fileEncoding = 4; lastKnownFileType = net.daringfireball.markdown; path = README.md; sourceTree = "<group>"; };
		649DDE166EAD0201045386CE /* AppDelegate.swift */ = {isa = PBXFileReference; lastKnownFileType = sourcecode.swift; path = AppDelegate.swift; sourceTree = "<group>"; };
		649DDFC9E3A9D6625F7904FC /* Assets.xcassets */ = {isa = PBXFileReference; lastKnownFileType = folder.assetcatalog; path = Assets.xcassets; sourceTree = "<group>"; };
		649DDFCDAC040163CA7F96CA /* SceneDelegate.swift */ = {isa = PBXFileReference; lastKnownFileType = sourcecode.swift; path = SceneDelegate.swift; sourceTree = "<group>"; };
/* End PBXFileReference section */

/* Begin PBXFrameworksBuildPhase section */
		649DD5B8741A0EF36CB29B30 /* Frameworks */ = {
			isa = PBXFrameworksBuildPhase;
			buildActionMask = 2147483647;
			files = (
			);
			runOnlyForDeploymentPostprocessing = 0;
		};
/* End PBXFrameworksBuildPhase section */

/* Begin PBXGroup section */
		649DD42D020A6ADF42E54943 /* Preview Content */ = {
			isa = PBXGroup;
			children = (
				649DD8EC3BD3409444787118 /* Preview Assets.xcassets */,
			);
			path = "Preview Content";
			sourceTree = "<group>";
		};
		649DD4F3A03D174180D071FF = {
			isa = PBXGroup;
			children = (
				649DD9910D58C92F6A5F1326 /* Products */,
				649DD860702935C11FAE4152 /* Checklist-ios13 */,
			);
			sourceTree = "<group>";
		};
		649DD860702935C11FAE4152 /* Checklist-ios13 */ = {
			isa = PBXGroup;
			children = (
				649DD2828E32B9291203DC44 /* Info.plist */,
				649DDFC9E3A9D6625F7904FC /* Assets.xcassets */,
				649DD6B08A5E1F2725BADE75 /* LaunchScreen.storyboard */,
				649DDE166EAD0201045386CE /* AppDelegate.swift */,
				649DDFCDAC040163CA7F96CA /* SceneDelegate.swift */,
				649DD670D97C675F73B580E2 /* ChecklistView.swift */,
				649DD42D020A6ADF42E54943 /* Preview Content */,
				649DD43329B0ABC478EF73BF /* ChecklistItem.swift */,
				649DD888F933E76B29C3EAF0 /* Checklist.swift */,
				649DD9B4855B1F3037639166 /* EditChecklistItemView.swift */,
				649DD04073A41136BE39B195 /* NewChecklistItemView.swift */,
				649DD174022DD90B641E80B1 /* RowView.swift */,
				649DDAE793D1E8B2F0346E63 /* README.md */,
			);
			path = "Checklist-ios13";
			sourceTree = "<group>";
		};
		649DD9910D58C92F6A5F1326 /* Products */ = {
			isa = PBXGroup;
			children = (
				649DD7F168D5C7173F3DA4AB /* Checklist-ios13.app */,
			);
			name = Products;
			sourceTree = "<group>";
		};
/* End PBXGroup section */

/* Begin PBXNativeTarget section */
		649DDD8609275D4278FB410F /* Checklist-ios13 */ = {
			isa = PBXNativeTarget;
			buildConfigurationList = 649DD2079F3F9154BD9A5C12 /* Build configuration list for PBXNativeTarget "Checklist-ios13" */;
			buildPhases = (
				649DD56B6EB72AD3EF09E628 /* Sources */,
				649DD5B8741A0EF36CB29B30 /* Frameworks */,
				649DD6987B6990A74CB86FC0 /* Resources */,
			);
			buildRules = (
			);
			dependencies = (
			);
			name = "Checklist-ios13";
			productName = "Checklist-ios13";
			productReference = 649DD7F168D5C7173F3DA4AB /* Checklist-ios13.app */;
			productType = "com.apple.product-type.application";
		};
/* End PBXNativeTarget section */

/* Begin PBXProject section */
		649DDAEDF9611372853F6656 /* Project object */ = {
			isa = PBXProject;
			attributes = {
				ORGANIZATIONNAME = safarslife.dev;
			};
			buildConfigurationList = 649DD2BC3F12854081AEAB32 /* Build configuration list for PBXProject "Checklist-ios13" */;
			compatibilityVersion = "Xcode 3.2";
			developmentRegion = English;
			hasScannedForEncodings = 0;
			knownRegions = (
				en,
			);
			mainGroup = 649DD4F3A03D174180D071FF;
			productRefGroup = 649DD9910D58C92F6A5F1326 /* Products */;
			projectDirPath = "";
			projectRoot = "";
			targets = (
				649DDD8609275D4278FB410F /* Checklist-ios13 */,
			);
		};
/* End PBXProject section */

/* Begin PBXResourcesBuildPhase section */
		649DD6987B6990A74CB86FC0 /* Resources */ = {
			isa = PBXResourcesBuildPhase;
			buildActionMask = 2147483647;
			files = (
				649DD70007DFB077434416F6 /* Assets.xcassets in Resources */,
				649DD8F2E01A9AB0FC0E507D /* LaunchScreen.storyboard in Resources */,
				649DD8842AC92F6677B5D21C /* Preview Assets.xcassets in Resources */,
			);
			runOnlyForDeploymentPostprocessing = 0;
		};
/* End PBXResourcesBuildPhase section */

/* Begin PBXSourcesBuildPhase section */
		649DD56B6EB72AD3EF09E628 /* Sources */ = {
			isa = PBXSourcesBuildPhase;
			buildActionMask = 2147483647;
			files = (
				649DD6C4FDBE7413DD7B82CC /* AppDelegate.swift in Sources */,
				649DD01F0D799121A364B200 /* SceneDelegate.swift in Sources */,
				649DD6E337A74741E18DF9F5 /* ChecklistView.swift in Sources */,
				649DDFD152089BBA113F8B54 /* ChecklistItem.swift in Sources */,
				649DDEC6D65678AA4F7803FB /* Checklist.swift in Sources */,
				649DD885D6284E9F4F83225F /* EditChecklistItemView.swift in Sources */,
				649DD3A988F90EE6934C2EE3 /* NewChecklistItemView.swift in Sources */,
				649DD5CE71FEB341ED1A74C5 /* RowView.swift in Sources */,
			);
			runOnlyForDeploymentPostprocessing = 0;
		};
/* End PBXSourcesBuildPhase section */

/* Begin PBXVariantGroup section */
		649DD6B08A5E1F2725BADE75 /* LaunchScreen.storyboard */ = {
			isa = PBXVariantGroup;
			children = (
				649DD18D70D9397B27E730E8 /* Base */,
			);
			name = LaunchScreen.storyboard;
			sourceTree = "<group>";
		};
/* End PBXVariantGroup section */

/* Begin XCBuildConfiguration section */
		649DD2129CFCB499B01C8825 /* Debug */ = {
			isa = XCBuildConfiguration;
			buildSettings = {
				ALWAYS_SEARCH_USER_PATHS = NO;
				CLANG_ANALYZER_NONNULL = YES;
				CLANG_ANALYZER_NUMBER_OBJECT_CONVERSION = YES_AGGRESSIVE;
				CLANG_CXX_LANGUAGE_STANDARD = "gnu++14";
				CLANG_CXX_LIBRARY = "libc++";
				CLANG_ENABLE_MODULES = YES;
				CLANG_ENABLE_OBJC_ARC = YES;
				CLANG_ENABLE_OBJC_WEAK = YES;
				CLANG_WARN_BLOCK_CAPTURE_AUTORELEASING = YES;
				CLANG_WARN_BOOL_CONVERSION = YES;
				CLANG_WARN_COMMA = YES;
				CLANG_WARN_CONSTANT_CONVERSION = YES;
				CLANG_WARN_DEPRECATED_OBJC_IMPLEMENTATIONS = YES;
				CLANG_WARN_DIRECT_OBJC_ISA_USAGE = YES_ERROR;
				CLANG_WARN_DOCUMENTATION_COMMENTS = YES;
				CLANG_WARN_EMPTY_BODY = YES;
				CLANG_WARN_ENUM_CONVERSION = YES;
				CLANG_WARN_INFINITE_RECURSION = YES;
				CLANG_WARN_INT_CONVERSION = YES;
				CLANG_WARN_NON_LITERAL_NULL_CONVERSION = YES;
				CLANG_WARN_OBJC_IMPLICIT_RETAIN_SELF = YES;
				CLANG_WARN_OBJC_LITERAL_CONVERSION = YES;
				CLANG_WARN_OBJC_ROOT_CLASS = YES_ERROR;
				CLANG_WARN_RANGE_LOOP_ANALYSIS = YES;
				CLANG_WARN_STRICT_PROTOTYPES = YES;
				CLANG_WARN_SUSPICIOUS_MOVE = YES;
				CLANG_WARN_UNGUARDED_AVAILABILITY = YES_AGGRESSIVE;
				CLANG_WARN_UNREACHABLE_CODE = YES;
				CLANG_WARN__DUPLICATE_METHOD_MATCH = YES;
				COPY_PHASE_STRIP = NO;
				DEBUG_INFORMATION_FORMAT = dwarf;
				ENABLE_STRICT_OBJC_MSGSEND = YES;
				ENABLE_TESTABILITY = YES;
				GCC_C_LANGUAGE_STANDARD = gnu11;
				GCC_DYNAMIC_NO_PIC = NO;
				GCC_NO_COMMON_BLOCKS = YES;
				GCC_OPTIMIZATION_LEVEL = 0;
				GCC_PREPROCESSOR_DEFINITIONS = (
					"DEBUG=1",
					"$(inherited)",
				);
				GCC_WARN_64_TO_32_BIT_CONVERSION = YES;
				GCC_WARN_ABOUT_RETURN_TYPE = YES_ERROR;
				GCC_WARN_UNDECLARED_SELECTOR = YES;
				GCC_WARN_UNINITIALIZED_AUTOS = YES_AGGRESSIVE;
				GCC_WARN_UNUSED_FUNCTION = YES;
				GCC_WARN_UNUSED_VARIABLE = YES;
				IPHONEOS_DEPLOYMENT_TARGET = 13.6;
				MTL_ENABLE_DEBUG_INFO = INCLUDE_SOURCE;
				MTL_FAST_MATH = YES;
				ONLY_ACTIVE_ARCH = YES;
				SDKROOT = iphoneos;
				SWIFT_ACTIVE_COMPILATION_CONDITIONS = DEBUG;
				SWIFT_OPTIMIZATION_LEVEL = "-Onone";
			};
			name = Debug;
		};
		649DDA4A5CD7C424EC037BB9 /* Release */ = {
			isa = XCBuildConfiguration;
			buildSettings = {
				ALWAYS_SEARCH_USER_PATHS = NO;
				CLANG_ANALYZER_NONNULL = YES;
				CLANG_ANALYZER_NUMBER_OBJECT_CONVERSION = YES_AGGRESSIVE;
				CLANG_CXX_LANGUAGE_STANDARD = "gnu++14";
				CLANG_CXX_LIBRARY = "libc++";
				CLANG_ENABLE_MODULES = YES;
				CLANG_ENABLE_OBJC_ARC = YES;
				CLANG_ENABLE_OBJC_WEAK = YES;
				CLANG_WARN_BLOCK_CAPTURE_AUTORELEASING = YES;
				CLANG_WARN_BOOL_CONVERSION = YES;
				CLANG_WARN_COMMA = YES;
				CLANG_WARN_CONSTANT_CONVERSION = YES;
				CLANG_WARN_DEPRECATED_OBJC_IMPLEMENTATIONS = YES;
				CLANG_WARN_DIRECT_OBJC_ISA_USAGE = YES_ERROR;
				CLANG_WARN_DOCUMENTATION_COMMENTS = YES;
				CLANG_WARN_EMPTY_BODY = YES;
				CLANG_WARN_ENUM_CONVERSION = YES;
				CLANG_WARN_INFINITE_RECURSION = YES;
				CLANG_WARN_INT_CONVERSION = YES;
				CLANG_WARN_NON_LITERAL_NULL_CONVERSION = YES;
				CLANG_WARN_OBJC_IMPLICIT_RETAIN_SELF = YES;
				CLANG_WARN_OBJC_LITERAL_CONVERSION = YES;
				CLANG_WARN_OBJC_ROOT_CLASS = YES_ERROR;
				CLANG_WARN_RANGE_LOOP_ANALYSIS = YES;
				CLANG_WARN_STRICT_PROTOTYPES = YES;
				CLANG_WARN_SUSPICIOUS_MOVE = YES;
				CLANG_WARN_UNGUARDED_AVAILABILITY = YES_AGGRESSIVE;
				CLANG_WARN_UNREACHABLE_CODE = YES;
				CLANG_WARN__DUPLICATE_METHOD_MATCH = YES;
				COPY_PHASE_STRIP = NO;
				DEBUG_INFORMATION_FORMAT = "dwarf-with-dsym";
				ENABLE_NS_ASSERTIONS = NO;
				ENABLE_STRICT_OBJC_MSGSEND = YES;
				GCC_C_LANGUAGE_STANDARD = gnu11;
				GCC_NO_COMMON_BLOCKS = YES;
				GCC_WARN_64_TO_32_BIT_CONVERSION = YES;
				GCC_WARN_ABOUT_RETURN_TYPE = YES_ERROR;
				GCC_WARN_UNDECLARED_SELECTOR = YES;
				GCC_WARN_UNINITIALIZED_AUTOS = YES_AGGRESSIVE;
				GCC_WARN_UNUSED_FUNCTION = YES;
				GCC_WARN_UNUSED_VARIABLE = YES;
				IPHONEOS_DEPLOYMENT_TARGET = 13.6;
				MTL_ENABLE_DEBUG_INFO = NO;
				MTL_FAST_MATH = YES;
				SDKROOT = iphoneos;
				SWIFT_COMPILATION_MODE = wholemodule;
				SWIFT_OPTIMIZATION_LEVEL = "-O";
				VALIDATE_PRODUCT = YES;
			};
			name = Release;
		};
		649DDAB8C143C820E49DD4A8 /* Release */ = {
			isa = XCBuildConfiguration;
			buildSettings = {
				ASSETCATALOG_COMPILER_APPICON_NAME = AppIcon;
				DEVELOPMENT_ASSET_PATHS = "\"Checklist-ios13/Preview Content\"";
				ENABLE_PREVIEWS = YES;
				INFOPLIST_FILE = "Checklist-ios13/Info.plist";
				LD_RUNPATH_SEARCH_PATHS = "$(inherited) @executable_path/Frameworks";
				PRODUCT_BUNDLE_IDENTIFIER = "dev.safarslife.Checklist-ios13";
				PRODUCT_NAME = "$(TARGET_NAME)";
				SWIFT_VERSION = 5.0;
				TARGETED_DEVICE_FAMILY = "1,2";
			};
			name = Release;
		};
		649DDBA6F633683CDCC01208 /* Debug */ = {
			isa = XCBuildConfiguration;
			buildSettings = {
				ASSETCATALOG_COMPILER_APPICON_NAME = AppIcon;
				DEVELOPMENT_ASSET_PATHS = "\"Checklist-ios13/Preview Content\"";
				ENABLE_PREVIEWS = YES;
				INFOPLIST_FILE = "Checklist-ios13/Info.plist";
				LD_RUNPATH_SEARCH_PATHS = "$(inherited) @executable_path/Frameworks";
				PRODUCT_BUNDLE_IDENTIFIER = "dev.safarslife.Checklist-ios13";
				PRODUCT_NAME = "$(TARGET_NAME)";
				SWIFT_VERSION = 5.0;
				TARGETED_DEVICE_FAMILY = "1,2";
			};
			name = Debug;
		};
/* End XCBuildConfiguration section */

/* Begin XCConfigurationList section */
		649DD2079F3F9154BD9A5C12 /* Build configuration list for PBXNativeTarget "Checklist-ios13" */ = {
			isa = XCConfigurationList;
			buildConfigurations = (
				649DDBA6F633683CDCC01208 /* Debug */,
				649DDAB8C143C820E49DD4A8 /* Release */,
			);
			defaultConfigurationIsVisible = 0;
		};
		649DD2BC3F12854081AEAB32 /* Build configuration list for PBXProject "Checklist-ios13" */ = {
			isa = XCConfigurationList;
			buildConfigurations = (
				649DD2129CFCB499B01C8825 /* Debug */,
				649DDA4A5CD7C424EC037BB9 /* Release */,
			);
			defaultConfigurationIsVisible = 0;
			defaultConfigurationName = Release;
		};
/* End XCConfigurationList section */
	};
	rootObject = 649DDAEDF9611372853F6656 /* Project object */;
}
