<?xml version="1.0" encoding="UTF-8"?>
<Scheme
   version = "1.3">
   <BuildAction>
      <BuildActionEntries>
         <BuildActionEntry
            buildForRunning = "YES">
            <BuildableReference
               BuildableIdentifier = "primary"
               BlueprintIdentifier = "649DDD8609275D4278FB410F"
               BuildableName = "Checklist-ios13.app"
               BlueprintName = "Checklist-ios13"
               ReferencedContainer = "container:Checklist-ios13.xcodeproj">
            </BuildableReference>
         </BuildActionEntry>
      </BuildActionEntries>
   </BuildAction>
   <LaunchAction
      useCustomWorkingDirectory = "NO"
      buildConfiguration = "Debug"
      allowLocationSimulation = "YES">
      <BuildableProductRunnable>
         <BuildableReference
            BuildableIdentifier = "primary"
            BlueprintIdentifier = "649DDD8609275D4278FB410F"
            BuildableName = "Checklist-ios13.app"
            BlueprintName = "Checklist-ios13"
            ReferencedContainer = "container:Checklist-ios13.xcodeproj">
         </BuildableReference>
      </BuildableProductRunnable>
   </LaunchAction>
</Scheme>
